
Microsoft Visual Studio Solution File, Format Version 12.00
# Visual Studio Version 17
VisualStudioVersion = 17.13.35825.156 d17.13
MinimumVisualStudioVersion = 10.0.40219.1
Project("{FAE04EC0-301F-11D3-BF4B-00C04F79EFBC}") = "AdoFirst", "AdoFirst\AdoFirst.csproj", "{1C5D20D1-E597-4CB6-8C03-7DBD58BD460F}"
EndProject
Global
	GlobalSection(SolutionConfigurationPlatforms) = preSolution
		Debug|Any CPU = Debug|Any CPU
		Release|Any CPU = Release|Any CPU
	EndGlobalSection
	GlobalSection(ProjectConfigurationPlatforms) = postSolution
		{1C5D20D1-E597-4CB6-8C03-7DBD58BD460F}.Debug|Any CPU.ActiveCfg = Debug|Any CPU
		{1C5D20D1-E597-4CB6-8C03-7DBD58BD460F}.Debug|Any CPU.Build.0 = Debug|Any CPU
		{1C5D20D1-E597-4CB6-8C03-7DBD58BD460F}.Release|Any CPU.ActiveCfg = Release|Any CPU
		{1C5D20D1-E597-4CB6-8C03-7DBD58BD460F}.Release|Any CPU.Build.0 = Release|Any CPU
	EndGlobalSection
	GlobalSection(SolutionProperties) = preSolution
		HideSolutionNode = FALSE
	EndGlobalSection
	GlobalSection(ExtensibilityGlobals) = postSolution
		SolutionGuid = {F51C8D2D-E822-4D25-80CD-519B55037569}
	EndGlobalSection
EndGlobal
