
Microsoft Visual Studio Solution File, Format Version 12.00
Project("{FAE04EC0-301F-11D3-BF4B-00C04F79EFBC}") = "Binary", "Binary.csproj", "{FED65443-DAE1-45BB-9834-14EE8466F382}"
EndProject
Global
	GlobalSection(SolutionConfigurationPlatforms) = preSolution
		Debug|Any CPU = Debug|Any CPU
		Release|Any CPU = Release|Any CPU
	EndGlobalSection
	GlobalSection(ProjectConfigurationPlatforms) = postSolution
		{FED65443-DAE1-45BB-9834-14EE8466F382}.Debug|Any CPU.ActiveCfg = Debug|Any CPU
		{FED65443-DAE1-45BB-9834-14EE8466F382}.Debug|Any CPU.Build.0 = Debug|Any CPU
		{FED65443-DAE1-45BB-9834-14EE8466F382}.Release|Any CPU.ActiveCfg = Release|Any CPU
		{FED65443-DAE1-45BB-9834-14EE8466F382}.Release|Any CPU.Build.0 = Release|Any CPU
	EndGlobalSection
EndGlobal
